
Microsoft Visual Studio Solution File, Format Version 12.00
# Visual Studio 15
VisualStudioVersion = 15.0.33403.129
MinimumVisualStudioVersion = 10.0.40219.1
Project("{FAE04EC0-301F-11D3-BF4B-00C04F79EFBC}") = "Tubes2_Stima", "Tubes2_Stima\Tubes2_Stima.csproj", "{6808B17A-0930-415A-88D8-46EEE540623D}"
EndProject
Global
	GlobalSection(SolutionConfigurationPlatforms) = preSolution
		Debug|Any CPU = Debug|Any CPU
		Release|Any CPU = Release|Any CPU
	EndGlobalSection
	GlobalSection(ProjectConfigurationPlatforms) = postSolution
		{6808B17A-0930-415A-88D8-46EEE540623D}.Debug|Any CPU.ActiveCfg = Debug|Any CPU
		{6808B17A-0930-415A-88D8-46EEE540623D}.Debug|Any CPU.Build.0 = Debug|Any CPU
		{6808B17A-0930-415A-88D8-46EEE540623D}.Release|Any CPU.ActiveCfg = Release|Any CPU
		{6808B17A-0930-415A-88D8-46EEE540623D}.Release|Any CPU.Build.0 = Release|Any CPU
	EndGlobalSection
	GlobalSection(SolutionProperties) = preSolution
		HideSolutionNode = FALSE
	EndGlobalSection
	GlobalSection(ExtensibilityGlobals) = postSolution
		SolutionGuid = {2C7879C9-E3DD-4D79-84DA-CE1C15F24694}
	EndGlobalSection
EndGlobal
